<Solution>
  <Project Path="CH06Q01/CH06Q01.csproj" />
  <Project Path="CH06Q02/CH06Q02.csproj" />
  <Project Path="CH06Q03/CH06Q03.csproj" />
  <Project Path="CH06Q04/CH06Q04.csproj" />
  <Project Path="CH06Q05/CH06Q05.csproj" />
  <Project Path="CH06Q06/CH06Q06.csproj" />
  <Project Path="CH06Q07/CH06Q07.csproj" />
  <Project Path="CH06Q08/CH06Q08.csproj" />
  <Project Path="CH06Q09/CH06Q09.csproj" />
</Solution>
