<Solution>
  <Project Path="CH04Q01/CH04Q01.csproj" />
  <Project Path="CH04Q02/CH04Q02.csproj" />
  <Project Path="CH04Q03/CH04Q03.csproj" />
  <Project Path="CH04Q04/CH04Q04.csproj" />
  <Project Path="CH04Q05/CH04Q05.csproj" />
  <Project Path="CH04Q06/CH04Q06.csproj" />
  <Project Path="CH04Q07/CH04Q07.csproj" />
</Solution>
